
Microsoft Visual Studio Solution File, Format Version 12.00
# Visual Studio 15
VisualStudioVersion = 15.0.28010.2048
MinimumVisualStudioVersion = 10.0.40219.1
Project("{FAE04EC0-301F-11D3-BF4B-00C04F79EFBC}") = "HomeWork", "HomeWork\HomeWork.csproj", "{EB2DB8AD-81EA-4EE0-B88B-8E530FBCEEEE}"
EndProject
Global
	GlobalSection(SolutionConfigurationPlatforms) = preSolution
		Debug|Any CPU = Debug|Any CPU
		Release|Any CPU = Release|Any CPU
	EndGlobalSection
	GlobalSection(ProjectConfigurationPlatforms) = postSolution
		{EB2DB8AD-81EA-4EE0-B88B-8E530FBCEEEE}.Debug|Any CPU.ActiveCfg = Debug|Any CPU
		{EB2DB8AD-81EA-4EE0-B88B-8E530FBCEEEE}.Debug|Any CPU.Build.0 = Debug|Any CPU
		{EB2DB8AD-81EA-4EE0-B88B-8E530FBCEEEE}.Release|Any CPU.ActiveCfg = Release|Any CPU
		{EB2DB8AD-81EA-4EE0-B88B-8E530FBCEEEE}.Release|Any CPU.Build.0 = Release|Any CPU
	EndGlobalSection
	GlobalSection(SolutionProperties) = preSolution
		HideSolutionNode = FALSE
	EndGlobalSection
	GlobalSection(ExtensibilityGlobals) = postSolution
		SolutionGuid = {5834506D-EF75-470D-9233-8C2BE47FB192}
	EndGlobalSection
EndGlobal
